
Microsoft Visual Studio Solution File, Format Version 12.00
# Visual Studio Version 17
VisualStudioVersion = 17.2.32526.322
MinimumVisualStudioVersion = 10.0.40219.1
Project("{FAE04EC0-301F-11D3-BF4B-00C04F79EFBC}") = "MenuMan", "MenuMan\MenuMan.csproj", "{CE3FA4B8-5FAA-4079-AE17-71AAD55D3E30}"
EndProject
Project("{FAE04EC0-301F-11D3-BF4B-00C04F79EFBC}") = "MenuManTester", "MenuManTester\MenuManTester.csproj", "{429369AF-7C4B-4F47-8606-2D28CA5810E8}"
EndProject
Global
	GlobalSection(SolutionConfigurationPlatforms) = preSolution
		Debug|Any CPU = Debug|Any CPU
		Release|Any CPU = Release|Any CPU
	EndGlobalSection
	GlobalSection(ProjectConfigurationPlatforms) = postSolution
		{CE3FA4B8-5FAA-4079-AE17-71AAD55D3E30}.Debug|Any CPU.ActiveCfg = Debug|Any CPU
		{CE3FA4B8-5FAA-4079-AE17-71AAD55D3E30}.Debug|Any CPU.Build.0 = Debug|Any CPU
		{CE3FA4B8-5FAA-4079-AE17-71AAD55D3E30}.Release|Any CPU.ActiveCfg = Release|Any CPU
		{CE3FA4B8-5FAA-4079-AE17-71AAD55D3E30}.Release|Any CPU.Build.0 = Release|Any CPU
		{429369AF-7C4B-4F47-8606-2D28CA5810E8}.Debug|Any CPU.ActiveCfg = Debug|Any CPU
		{429369AF-7C4B-4F47-8606-2D28CA5810E8}.Debug|Any CPU.Build.0 = Debug|Any CPU
		{429369AF-7C4B-4F47-8606-2D28CA5810E8}.Release|Any CPU.ActiveCfg = Release|Any CPU
		{429369AF-7C4B-4F47-8606-2D28CA5810E8}.Release|Any CPU.Build.0 = Release|Any CPU
	EndGlobalSection
	GlobalSection(SolutionProperties) = preSolution
		HideSolutionNode = FALSE
	EndGlobalSection
	GlobalSection(ExtensibilityGlobals) = postSolution
		SolutionGuid = {2D857868-CDDD-4EBE-908A-F873A766B087}
	EndGlobalSection
EndGlobal
